
Microsoft Visual Studio Solution File, Format Version 12.00
# Visual Studio 2013
VisualStudioVersion = 12.0.31101.0
MinimumVisualStudioVersion = 10.0.40219.1
Project("{FAE04EC0-301F-11D3-BF4B-00C04F79EFBC}") = "Samples.OfficeAddIn", "Samples\Samples.OfficeAddIn\Samples.OfficeAddIn.csproj", "{190ADC10-B4B9-4DA9-ADB3-427CDC1D6356}"
EndProject
Project("{FAE04EC0-301F-11D3-BF4B-00C04F79EFBC}") = "Samples.UI", "Samples\Samples.UI\Samples.UI.csproj", "{500F18D2-CDF3-4684-BF00-927A021C575E}"
EndProject
Project("{FAE04EC0-301F-11D3-BF4B-00C04F79EFBC}") = "Samples.Sharepoint", "Samples\Samples.Sharepoint\Samples.Sharepoint.csproj", "{D6F53550-EC07-4D58-A50D-F3D371E4C0A3}"
EndProject
Project("{2150E333-8FDC-42A3-9474-1A3956D46DE8}") = "SharePointOnline", "SharePointOnline", "{20AE5973-FD47-439A-9FE2-46B999314E74}"
EndProject
Project("{2150E333-8FDC-42A3-9474-1A3956D46DE8}") = "Office", "Office", "{90932BC9-C55E-4BA9-A606-F7536102A859}"
EndProject
Project("{FAE04EC0-301F-11D3-BF4B-00C04F79EFBC}") = "IBM.Connections.Net.Api", "APIWrapper\IBM.Connections.Net.APIWrapper\IBM.Connections.Net.Api.csproj", "{9897D2B7-09FD-4EB4-8123-BD5DBAD9F360}"
EndProject
Project("{2150E333-8FDC-42A3-9474-1A3956D46DE8}") = "API", "API", "{A71B9CD8-9748-4A36-BB07-CEA8C427C1CF}"
EndProject
Project("{FAE04EC0-301F-11D3-BF4B-00C04F79EFBC}") = "IBM.Connections.Net.Settings", "APIWrapper\IBM.Connections.Net.Settings\IBM.Connections.Net.Settings.csproj", "{F9C8BAD9-453E-4A98-90F9-501E0E08DC27}"
EndProject
Project("{FAE04EC0-301F-11D3-BF4B-00C04F79EFBC}") = "IBM.Connections.Net.Tests", "APIWrapper\IBM.Connections.Net.Tests\IBM.Connections.Net.Tests.csproj", "{EB81CC85-4F58-4F8A-BA0B-1CC6E0077208}"
EndProject
Project("{2150E333-8FDC-42A3-9474-1A3956D46DE8}") = "DemoPresentation", "DemoPresentation", "{457BFC34-213B-4976-B56E-9B9CA8D43BCF}"
EndProject
Project("{FAE04EC0-301F-11D3-BF4B-00C04F79EFBC}") = "Samples.ConsoleApplication", "Samples\Samples.ConsoleApplication\Samples.ConsoleApplication.csproj", "{42E71D10-1C3F-4129-87BE-74F424D114D5}"
EndProject
Project("{2150E333-8FDC-42A3-9474-1A3956D46DE8}") = "Samples", "Samples", "{3D7BC51E-30C4-48D3-A740-57A66D2777BD}"
EndProject
Project("{2150E333-8FDC-42A3-9474-1A3956D46DE8}") = "Website", "Website", "{C6554B52-E64B-4E2E-B5BE-5214593F5F00}"
EndProject
Project("{FAE04EC0-301F-11D3-BF4B-00C04F79EFBC}") = "Samples.WebApp", "Samples.WebApp\Samples.WebApp.csproj", "{4D86B434-47DA-4919-AA4D-5ECECA67E073}"
EndProject
Project("{2150E333-8FDC-42A3-9474-1A3956D46DE8}") = "Solution Items", "Solution Items", "{EC442132-4DCC-40EA-A7C0-8E379783723A}"
	ProjectSection(SolutionItems) = preProject
		README.md = README.md
	EndProjectSection
EndProject
Global
	GlobalSection(SolutionConfigurationPlatforms) = preSolution
		Debug|Any CPU = Debug|Any CPU
		Debug|ARM = Debug|ARM
		Debug|x64 = Debug|x64
		Debug|x86 = Debug|x86
		Release|Any CPU = Release|Any CPU
		Release|ARM = Release|ARM
		Release|x64 = Release|x64
		Release|x86 = Release|x86
	EndGlobalSection
	GlobalSection(ProjectConfigurationPlatforms) = postSolution
		{190ADC10-B4B9-4DA9-ADB3-427CDC1D6356}.Debug|Any CPU.ActiveCfg = Debug|Any CPU
		{190ADC10-B4B9-4DA9-ADB3-427CDC1D6356}.Debug|Any CPU.Build.0 = Debug|Any CPU
		{190ADC10-B4B9-4DA9-ADB3-427CDC1D6356}.Debug|ARM.ActiveCfg = Debug|Any CPU
		{190ADC10-B4B9-4DA9-ADB3-427CDC1D6356}.Debug|x64.ActiveCfg = Debug|Any CPU
		{190ADC10-B4B9-4DA9-ADB3-427CDC1D6356}.Debug|x86.ActiveCfg = Debug|Any CPU
		{190ADC10-B4B9-4DA9-ADB3-427CDC1D6356}.Release|Any CPU.ActiveCfg = Release|Any CPU
		{190ADC10-B4B9-4DA9-ADB3-427CDC1D6356}.Release|Any CPU.Build.0 = Release|Any CPU
		{190ADC10-B4B9-4DA9-ADB3-427CDC1D6356}.Release|ARM.ActiveCfg = Release|Any CPU
		{190ADC10-B4B9-4DA9-ADB3-427CDC1D6356}.Release|x64.ActiveCfg = Release|Any CPU
		{190ADC10-B4B9-4DA9-ADB3-427CDC1D6356}.Release|x86.ActiveCfg = Release|Any CPU
		{500F18D2-CDF3-4684-BF00-927A021C575E}.Debug|Any CPU.ActiveCfg = Debug|Any CPU
		{500F18D2-CDF3-4684-BF00-927A021C575E}.Debug|Any CPU.Build.0 = Debug|Any CPU
		{500F18D2-CDF3-4684-BF00-927A021C575E}.Debug|ARM.ActiveCfg = Debug|Any CPU
		{500F18D2-CDF3-4684-BF00-927A021C575E}.Debug|x64.ActiveCfg = Debug|Any CPU
		{500F18D2-CDF3-4684-BF00-927A021C575E}.Debug|x86.ActiveCfg = Debug|Any CPU
		{500F18D2-CDF3-4684-BF00-927A021C575E}.Release|Any CPU.ActiveCfg = Release|Any CPU
		{500F18D2-CDF3-4684-BF00-927A021C575E}.Release|Any CPU.Build.0 = Release|Any CPU
		{500F18D2-CDF3-4684-BF00-927A021C575E}.Release|ARM.ActiveCfg = Release|Any CPU
		{500F18D2-CDF3-4684-BF00-927A021C575E}.Release|x64.ActiveCfg = Release|Any CPU
		{500F18D2-CDF3-4684-BF00-927A021C575E}.Release|x86.ActiveCfg = Release|Any CPU
		{D6F53550-EC07-4D58-A50D-F3D371E4C0A3}.Debug|Any CPU.ActiveCfg = Debug|Any CPU
		{D6F53550-EC07-4D58-A50D-F3D371E4C0A3}.Debug|Any CPU.Build.0 = Debug|Any CPU
		{D6F53550-EC07-4D58-A50D-F3D371E4C0A3}.Debug|Any CPU.Deploy.0 = Debug|Any CPU
		{D6F53550-EC07-4D58-A50D-F3D371E4C0A3}.Debug|ARM.ActiveCfg = Debug|Any CPU
		{D6F53550-EC07-4D58-A50D-F3D371E4C0A3}.Debug|x64.ActiveCfg = Debug|Any CPU
		{D6F53550-EC07-4D58-A50D-F3D371E4C0A3}.Debug|x86.ActiveCfg = Debug|Any CPU
		{D6F53550-EC07-4D58-A50D-F3D371E4C0A3}.Release|Any CPU.ActiveCfg = Release|Any CPU
		{D6F53550-EC07-4D58-A50D-F3D371E4C0A3}.Release|Any CPU.Build.0 = Release|Any CPU
		{D6F53550-EC07-4D58-A50D-F3D371E4C0A3}.Release|Any CPU.Deploy.0 = Release|Any CPU
		{D6F53550-EC07-4D58-A50D-F3D371E4C0A3}.Release|ARM.ActiveCfg = Release|Any CPU
		{D6F53550-EC07-4D58-A50D-F3D371E4C0A3}.Release|x64.ActiveCfg = Release|Any CPU
		{D6F53550-EC07-4D58-A50D-F3D371E4C0A3}.Release|x86.ActiveCfg = Release|Any CPU
		{9897D2B7-09FD-4EB4-8123-BD5DBAD9F360}.Debug|Any CPU.ActiveCfg = Debug|Any CPU
		{9897D2B7-09FD-4EB4-8123-BD5DBAD9F360}.Debug|Any CPU.Build.0 = Debug|Any CPU
		{9897D2B7-09FD-4EB4-8123-BD5DBAD9F360}.Debug|ARM.ActiveCfg = Debug|Any CPU
		{9897D2B7-09FD-4EB4-8123-BD5DBAD9F360}.Debug|x64.ActiveCfg = Debug|Any CPU
		{9897D2B7-09FD-4EB4-8123-BD5DBAD9F360}.Debug|x86.ActiveCfg = Debug|Any CPU
		{9897D2B7-09FD-4EB4-8123-BD5DBAD9F360}.Release|Any CPU.ActiveCfg = Release|Any CPU
		{9897D2B7-09FD-4EB4-8123-BD5DBAD9F360}.Release|Any CPU.Build.0 = Release|Any CPU
		{9897D2B7-09FD-4EB4-8123-BD5DBAD9F360}.Release|ARM.ActiveCfg = Release|Any CPU
		{9897D2B7-09FD-4EB4-8123-BD5DBAD9F360}.Release|x64.ActiveCfg = Release|Any CPU
		{9897D2B7-09FD-4EB4-8123-BD5DBAD9F360}.Release|x86.ActiveCfg = Release|Any CPU
		{F9C8BAD9-453E-4A98-90F9-501E0E08DC27}.Debug|Any CPU.ActiveCfg = Debug|Any CPU
		{F9C8BAD9-453E-4A98-90F9-501E0E08DC27}.Debug|Any CPU.Build.0 = Debug|Any CPU
		{F9C8BAD9-453E-4A98-90F9-501E0E08DC27}.Debug|ARM.ActiveCfg = Debug|Any CPU
		{F9C8BAD9-453E-4A98-90F9-501E0E08DC27}.Debug|x64.ActiveCfg = Debug|Any CPU
		{F9C8BAD9-453E-4A98-90F9-501E0E08DC27}.Debug|x86.ActiveCfg = Debug|Any CPU
		{F9C8BAD9-453E-4A98-90F9-501E0E08DC27}.Release|Any CPU.ActiveCfg = Release|Any CPU
		{F9C8BAD9-453E-4A98-90F9-501E0E08DC27}.Release|Any CPU.Build.0 = Release|Any CPU
		{F9C8BAD9-453E-4A98-90F9-501E0E08DC27}.Release|ARM.ActiveCfg = Release|Any CPU
		{F9C8BAD9-453E-4A98-90F9-501E0E08DC27}.Release|x64.ActiveCfg = Release|Any CPU
		{F9C8BAD9-453E-4A98-90F9-501E0E08DC27}.Release|x86.ActiveCfg = Release|Any CPU
		{EB81CC85-4F58-4F8A-BA0B-1CC6E0077208}.Debug|Any CPU.ActiveCfg = Debug|Any CPU
		{EB81CC85-4F58-4F8A-BA0B-1CC6E0077208}.Debug|Any CPU.Build.0 = Debug|Any CPU
		{EB81CC85-4F58-4F8A-BA0B-1CC6E0077208}.Debug|ARM.ActiveCfg = Debug|Any CPU
		{EB81CC85-4F58-4F8A-BA0B-1CC6E0077208}.Debug|x64.ActiveCfg = Debug|Any CPU
		{EB81CC85-4F58-4F8A-BA0B-1CC6E0077208}.Debug|x86.ActiveCfg = Debug|Any CPU
		{EB81CC85-4F58-4F8A-BA0B-1CC6E0077208}.Release|Any CPU.ActiveCfg = Release|Any CPU
		{EB81CC85-4F58-4F8A-BA0B-1CC6E0077208}.Release|Any CPU.Build.0 = Release|Any CPU
		{EB81CC85-4F58-4F8A-BA0B-1CC6E0077208}.Release|ARM.ActiveCfg = Release|Any CPU
		{EB81CC85-4F58-4F8A-BA0B-1CC6E0077208}.Release|x64.ActiveCfg = Release|Any CPU
		{EB81CC85-4F58-4F8A-BA0B-1CC6E0077208}.Release|x86.ActiveCfg = Release|Any CPU
		{42E71D10-1C3F-4129-87BE-74F424D114D5}.Debug|Any CPU.ActiveCfg = Debug|Any CPU
		{42E71D10-1C3F-4129-87BE-74F424D114D5}.Debug|Any CPU.Build.0 = Debug|Any CPU
		{42E71D10-1C3F-4129-87BE-74F424D114D5}.Debug|ARM.ActiveCfg = Debug|Any CPU
		{42E71D10-1C3F-4129-87BE-74F424D114D5}.Debug|x64.ActiveCfg = Debug|Any CPU
		{42E71D10-1C3F-4129-87BE-74F424D114D5}.Debug|x86.ActiveCfg = Debug|Any CPU
		{42E71D10-1C3F-4129-87BE-74F424D114D5}.Release|Any CPU.ActiveCfg = Release|Any CPU
		{42E71D10-1C3F-4129-87BE-74F424D114D5}.Release|Any CPU.Build.0 = Release|Any CPU
		{42E71D10-1C3F-4129-87BE-74F424D114D5}.Release|ARM.ActiveCfg = Release|Any CPU
		{42E71D10-1C3F-4129-87BE-74F424D114D5}.Release|x64.ActiveCfg = Release|Any CPU
		{42E71D10-1C3F-4129-87BE-74F424D114D5}.Release|x86.ActiveCfg = Release|Any CPU
		{4D86B434-47DA-4919-AA4D-5ECECA67E073}.Debug|Any CPU.ActiveCfg = Debug|Any CPU
		{4D86B434-47DA-4919-AA4D-5ECECA67E073}.Debug|Any CPU.Build.0 = Debug|Any CPU
		{4D86B434-47DA-4919-AA4D-5ECECA67E073}.Debug|ARM.ActiveCfg = Debug|Any CPU
		{4D86B434-47DA-4919-AA4D-5ECECA67E073}.Debug|x64.ActiveCfg = Debug|Any CPU
		{4D86B434-47DA-4919-AA4D-5ECECA67E073}.Debug|x86.ActiveCfg = Debug|Any CPU
		{4D86B434-47DA-4919-AA4D-5ECECA67E073}.Release|Any CPU.ActiveCfg = Release|Any CPU
		{4D86B434-47DA-4919-AA4D-5ECECA67E073}.Release|Any CPU.Build.0 = Release|Any CPU
		{4D86B434-47DA-4919-AA4D-5ECECA67E073}.Release|ARM.ActiveCfg = Release|Any CPU
		{4D86B434-47DA-4919-AA4D-5ECECA67E073}.Release|x64.ActiveCfg = Release|Any CPU
		{4D86B434-47DA-4919-AA4D-5ECECA67E073}.Release|x86.ActiveCfg = Release|Any CPU
	EndGlobalSection
	GlobalSection(SolutionProperties) = preSolution
		HideSolutionNode = FALSE
	EndGlobalSection
	GlobalSection(NestedProjects) = preSolution
		{190ADC10-B4B9-4DA9-ADB3-427CDC1D6356} = {90932BC9-C55E-4BA9-A606-F7536102A859}
		{500F18D2-CDF3-4684-BF00-927A021C575E} = {90932BC9-C55E-4BA9-A606-F7536102A859}
		{D6F53550-EC07-4D58-A50D-F3D371E4C0A3} = {20AE5973-FD47-439A-9FE2-46B999314E74}
		{20AE5973-FD47-439A-9FE2-46B999314E74} = {3D7BC51E-30C4-48D3-A740-57A66D2777BD}
		{90932BC9-C55E-4BA9-A606-F7536102A859} = {3D7BC51E-30C4-48D3-A740-57A66D2777BD}
		{9897D2B7-09FD-4EB4-8123-BD5DBAD9F360} = {A71B9CD8-9748-4A36-BB07-CEA8C427C1CF}
		{F9C8BAD9-453E-4A98-90F9-501E0E08DC27} = {A71B9CD8-9748-4A36-BB07-CEA8C427C1CF}
		{EB81CC85-4F58-4F8A-BA0B-1CC6E0077208} = {A71B9CD8-9748-4A36-BB07-CEA8C427C1CF}
		{457BFC34-213B-4976-B56E-9B9CA8D43BCF} = {3D7BC51E-30C4-48D3-A740-57A66D2777BD}
		{42E71D10-1C3F-4129-87BE-74F424D114D5} = {457BFC34-213B-4976-B56E-9B9CA8D43BCF}
		{C6554B52-E64B-4E2E-B5BE-5214593F5F00} = {3D7BC51E-30C4-48D3-A740-57A66D2777BD}
		{4D86B434-47DA-4919-AA4D-5ECECA67E073} = {C6554B52-E64B-4E2E-B5BE-5214593F5F00}
	EndGlobalSection
EndGlobal
